
Microsoft Visual Studio Solution File, Format Version 12.00
# Visual Studio Version 17
VisualStudioVersion = 17.1.32328.378
MinimumVisualStudioVersion = 10.0.40219.1
Project("{FAE04EC0-301F-11D3-BF4B-00C04F79EFBC}") = "ShivaaySoft", "ShivaaySoft\ShivaaySoft.csproj", "{3668133D-5BE3-44CD-892A-418A5FE01DBC}"
EndProject
Global
	GlobalSection(SolutionConfigurationPlatforms) = preSolution
		Debug|Any CPU = Debug|Any CPU
		Release|Any CPU = Release|Any CPU
	EndGlobalSection
	GlobalSection(ProjectConfigurationPlatforms) = postSolution
		{3668133D-5BE3-44CD-892A-418A5FE01DBC}.Debug|Any CPU.ActiveCfg = Debug|Any CPU
		{3668133D-5BE3-44CD-892A-418A5FE01DBC}.Debug|Any CPU.Build.0 = Debug|Any CPU
		{3668133D-5BE3-44CD-892A-418A5FE01DBC}.Release|Any CPU.ActiveCfg = Release|Any CPU
		{3668133D-5BE3-44CD-892A-418A5FE01DBC}.Release|Any CPU.Build.0 = Release|Any CPU
	EndGlobalSection
	GlobalSection(SolutionProperties) = preSolution
		HideSolutionNode = FALSE
	EndGlobalSection
	GlobalSection(ExtensibilityGlobals) = postSolution
		SolutionGuid = {60DAD23B-1B5B-4E4F-B26C-3995D5D69A02}
	EndGlobalSection
EndGlobal
